
Microsoft Visual Studio Solution File, Format Version 12.00
# Visual Studio Version 17
VisualStudioVersion = 17.3.32825.248
MinimumVisualStudioVersion = 10.0.40219.1
Project("{FAE04EC0-301F-11D3-BF4B-00C04F79EFBC}") = "CA220929_2", "CA220929_2.csproj", "{AC92F10D-2998-472E-9F6C-A63432210C3C}"
EndProject
Global
	GlobalSection(SolutionConfigurationPlatforms) = preSolution
		Debug|Any CPU = Debug|Any CPU
		Release|Any CPU = Release|Any CPU
	EndGlobalSection
	GlobalSection(ProjectConfigurationPlatforms) = postSolution
		{AC92F10D-2998-472E-9F6C-A63432210C3C}.Debug|Any CPU.ActiveCfg = Debug|Any CPU
		{AC92F10D-2998-472E-9F6C-A63432210C3C}.Debug|Any CPU.Build.0 = Debug|Any CPU
		{AC92F10D-2998-472E-9F6C-A63432210C3C}.Release|Any CPU.ActiveCfg = Release|Any CPU
		{AC92F10D-2998-472E-9F6C-A63432210C3C}.Release|Any CPU.Build.0 = Release|Any CPU
	EndGlobalSection
	GlobalSection(SolutionProperties) = preSolution
		HideSolutionNode = FALSE
	EndGlobalSection
	GlobalSection(ExtensibilityGlobals) = postSolution
		SolutionGuid = {AEC565B7-A271-4580-B033-C343EC93845B}
	EndGlobalSection
EndGlobal
